// !$*UTF8*$!
{
	archiveVersion = 1;
	classes = {
	};
	objectVersion = 50;
	objects = {

/* Begin PBXBuildFile section */
		B4148F5A24765E4300F501AB /* Theme.swift in Sources */ = {isa = PBXBuildFile; fileRef = B4148F5924765E4300F501AB /* Theme.swift */; };
		B4148F5C24765F7C00F501AB /* CreateCVConstants.swift in Sources */ = {isa = PBXBuildFile; fileRef = B4148F5B24765F7C00F501AB /* CreateCVConstants.swift */; };
		B4148F5E247660BE00F501AB /* Constants.swift in Sources */ = {isa = PBXBuildFile; fileRef = B4148F5D247660BE00F501AB /* Constants.swift */; };
		B4148F602476615E00F501AB /* PersonalViewConstants.swift in Sources */ = {isa = PBXBuildFile; fileRef = B4148F5F2476615E00F501AB /* PersonalViewConstants.swift */; };
		B418072524753EB8008E097A /* AppDelegate.swift in Sources */ = {isa = PBXBuildFile; fileRef = B418072424753EB8008E097A /* AppDelegate.swift */; };
		B418072724753EB8008E097A /* SceneDelegate.swift in Sources */ = {isa = PBXBuildFile; fileRef = B418072624753EB8008E097A /* SceneDelegate.swift */; };
		B418072E24753EBA008E097A /* Assets.xcassets in Resources */ = {isa = PBXBuildFile; fileRef = B418072D24753EBA008E097A /* Assets.xcassets */; };
		B418073124753EBA008E097A /* LaunchScreen.storyboard in Resources */ = {isa = PBXBuildFile; fileRef = B418072F24753EBA008E097A /* LaunchScreen.storyboard */; };
		B418073C24753EBA008E097A /* CVBuilderTests.swift in Sources */ = {isa = PBXBuildFile; fileRef = B418073B24753EBA008E097A /* CVBuilderTests.swift */; };
		B418074724753EBA008E097A /* CVBuilderUITests.swift in Sources */ = {isa = PBXBuildFile; fileRef = B418074624753EBA008E097A /* CVBuilderUITests.swift */; };
		B418075524753F56008E097A /* Coordinator.swift in Sources */ = {isa = PBXBuildFile; fileRef = B418075424753F56008E097A /* Coordinator.swift */; };
		B418075724753F7F008E097A /* Storyboarded.swift in Sources */ = {isa = PBXBuildFile; fileRef = B418075624753F7F008E097A /* Storyboarded.swift */; };
		B418075924753FD1008E097A /* MainCoordinator.swift in Sources */ = {isa = PBXBuildFile; fileRef = B418075824753FD1008E097A /* MainCoordinator.swift */; };
		B418075B247541BF008E097A /* LandingViewController.swift in Sources */ = {isa = PBXBuildFile; fileRef = B418075A247541BF008E097A /* LandingViewController.swift */; };
		B418075D24754B71008E097A /* UIView+extension.swift in Sources */ = {isa = PBXBuildFile; fileRef = B418075C24754B71008E097A /* UIView+extension.swift */; };
		B4180760247555C0008E097A /* CreateCVViewController.swift in Sources */ = {isa = PBXBuildFile; fileRef = B418075F247555C0008E097A /* CreateCVViewController.swift */; };
		B41807662475606B008E097A /* AppBaseController.swift in Sources */ = {isa = PBXBuildFile; fileRef = B41807652475606B008E097A /* AppBaseController.swift */; };
		B4180768247560AE008E097A /* ErrorPresentable.swift in Sources */ = {isa = PBXBuildFile; fileRef = B4180767247560AE008E097A /* ErrorPresentable.swift */; };
		B418076A2475612F008E097A /* SuccessPresentable.swift in Sources */ = {isa = PBXBuildFile; fileRef = B41807692475612F008E097A /* SuccessPresentable.swift */; };
		B4180770247587E2008E097A /* PersonalViewController.xib in Resources */ = {isa = PBXBuildFile; fileRef = B418076D247587E1008E097A /* PersonalViewController.xib */; };
		B4180771247587E2008E097A /* PersonalViewController+ViewFactory.swift in Sources */ = {isa = PBXBuildFile; fileRef = B418076E247587E1008E097A /* PersonalViewController+ViewFactory.swift */; };
		B4180772247587E2008E097A /* PersonalViewController.swift in Sources */ = {isa = PBXBuildFile; fileRef = B418076F247587E1008E097A /* PersonalViewController.swift */; };
		B418077524758828008E097A /* PersonalInfoModel.swift in Sources */ = {isa = PBXBuildFile; fileRef = B418077424758828008E097A /* PersonalInfoModel.swift */; };
		B418077824758A8A008E097A /* ImagePickerManager.swift in Sources */ = {isa = PBXBuildFile; fileRef = B418077724758A8A008E097A /* ImagePickerManager.swift */; };
		B418077A24758DDC008E097A /* DataHolder.swift in Sources */ = {isa = PBXBuildFile; fileRef = B418077924758DDC008E097A /* DataHolder.swift */; };
		B418077C24758F1E008E097A /* UIViewFactory.swift in Sources */ = {isa = PBXBuildFile; fileRef = B418077B24758F1E008E097A /* UIViewFactory.swift */; };
		B418077E24758F86008E097A /* StringExtension.swift in Sources */ = {isa = PBXBuildFile; fileRef = B418077D24758F86008E097A /* StringExtension.swift */; };
		B4180780247638D8008E097A /* ServiceHandler.swift in Sources */ = {isa = PBXBuildFile; fileRef = B418077F247638D8008E097A /* ServiceHandler.swift */; };
		B41807832476452E008E097A /* EndPoints.swift in Sources */ = {isa = PBXBuildFile; fileRef = B41807822476452E008E097A /* EndPoints.swift */; };
		B418078524764988008E097A /* PersonalViewModel.swift in Sources */ = {isa = PBXBuildFile; fileRef = B418078424764988008E097A /* PersonalViewModel.swift */; };
		B418078A24765B2C008E097A /* LandingConstants.swift in Sources */ = {isa = PBXBuildFile; fileRef = B418078924765B2C008E097A /* LandingConstants.swift */; };
		B4302020247675CB00F85453 /* PersonalViewTests.swift in Sources */ = {isa = PBXBuildFile; fileRef = B430201F247675CB00F85453 /* PersonalViewTests.swift */; };
		B4AB33C6247689C500951327 /* .swiftlint.yml in Resources */ = {isa = PBXBuildFile; fileRef = B4AB33C5247689C500951327 /* .swiftlint.yml */; };
		B4AB33C82476A5C400951327 /* CoordinatorTests.swift in Sources */ = {isa = PBXBuildFile; fileRef = B4AB33C72476A5C400951327 /* CoordinatorTests.swift */; };
		B4AB340C247D70ED00951327 /* ShowCVViewController.swift in Sources */ = {isa = PBXBuildFile; fileRef = B4AB340B247D70ED00951327 /* ShowCVViewController.swift */; };
/* End PBXBuildFile section */

/* Begin PBXContainerItemProxy section */
		B418073824753EBA008E097A /* PBXContainerItemProxy */ = {
			isa = PBXContainerItemProxy;
			containerPortal = B418071924753EB8008E097A /* Project object */;
			proxyType = 1;
			remoteGlobalIDString = B418072024753EB8008E097A;
			remoteInfo = CVBuilder;
		};
		B418074324753EBA008E097A /* PBXContainerItemProxy */ = {
			isa = PBXContainerItemProxy;
			containerPortal = B418071924753EB8008E097A /* Project object */;
			proxyType = 1;
			remoteGlobalIDString = B418072024753EB8008E097A;
			remoteInfo = CVBuilder;
		};
/* End PBXContainerItemProxy section */

/* Begin PBXFileReference section */
		B4148F5924765E4300F501AB /* Theme.swift */ = {isa = PBXFileReference; lastKnownFileType = sourcecode.swift; path = Theme.swift; sourceTree = "<group>"; };
		B4148F5B24765F7C00F501AB /* CreateCVConstants.swift */ = {isa = PBXFileReference; lastKnownFileType = sourcecode.swift; path = CreateCVConstants.swift; sourceTree = "<group>"; };
		B4148F5D247660BE00F501AB /* Constants.swift */ = {isa = PBXFileReference; lastKnownFileType = sourcecode.swift; path = Constants.swift; sourceTree = "<group>"; };
		B4148F5F2476615E00F501AB /* PersonalViewConstants.swift */ = {isa = PBXFileReference; lastKnownFileType = sourcecode.swift; path = PersonalViewConstants.swift; sourceTree = "<group>"; };
		B418072124753EB8008E097A /* CVBuilder.app */ = {isa = PBXFileReference; explicitFileType = wrapper.application; includeInIndex = 0; path = CVBuilder.app; sourceTree = BUILT_PRODUCTS_DIR; };
		B418072424753EB8008E097A /* AppDelegate.swift */ = {isa = PBXFileReference; lastKnownFileType = sourcecode.swift; path = AppDelegate.swift; sourceTree = "<group>"; };
		B418072624753EB8008E097A /* SceneDelegate.swift */ = {isa = PBXFileReference; lastKnownFileType = sourcecode.swift; path = SceneDelegate.swift; sourceTree = "<group>"; };
		B418072D24753EBA008E097A /* Assets.xcassets */ = {isa = PBXFileReference; lastKnownFileType = folder.assetcatalog; path = Assets.xcassets; sourceTree = "<group>"; };
		B418073024753EBA008E097A /* Base */ = {isa = PBXFileReference; lastKnownFileType = file.storyboard; name = Base; path = Base.lproj/LaunchScreen.storyboard; sourceTree = "<group>"; };
		B418073224753EBA008E097A /* Info.plist */ = {isa = PBXFileReference; lastKnownFileType = text.plist.xml; path = Info.plist; sourceTree = "<group>"; };
		B418073724753EBA008E097A /* CVBuilderTests.xctest */ = {isa = PBXFileReference; explicitFileType = wrapper.cfbundle; includeInIndex = 0; path = CVBuilderTests.xctest; sourceTree = BUILT_PRODUCTS_DIR; };
		B418073B24753EBA008E097A /* CVBuilderTests.swift */ = {isa = PBXFileReference; lastKnownFileType = sourcecode.swift; path = CVBuilderTests.swift; sourceTree = "<group>"; };
		B418073D24753EBA008E097A /* Info.plist */ = {isa = PBXFileReference; lastKnownFileType = text.plist.xml; path = Info.plist; sourceTree = "<group>"; };
		B418074224753EBA008E097A /* CVBuilderUITests.xctest */ = {isa = PBXFileReference; explicitFileType = wrapper.cfbundle; includeInIndex = 0; path = CVBuilderUITests.xctest; sourceTree = BUILT_PRODUCTS_DIR; };
		B418074624753EBA008E097A /* CVBuilderUITests.swift */ = {isa = PBXFileReference; lastKnownFileType = sourcecode.swift; path = CVBuilderUITests.swift; sourceTree = "<group>"; };
		B418074824753EBA008E097A /* Info.plist */ = {isa = PBXFileReference; lastKnownFileType = text.plist.xml; path = Info.plist; sourceTree = "<group>"; };
		B418075424753F56008E097A /* Coordinator.swift */ = {isa = PBXFileReference; lastKnownFileType = sourcecode.swift; path = Coordinator.swift; sourceTree = "<group>"; };
		B418075624753F7F008E097A /* Storyboarded.swift */ = {isa = PBXFileReference; lastKnownFileType = sourcecode.swift; path = Storyboarded.swift; sourceTree = "<group>"; };
		B418075824753FD1008E097A /* MainCoordinator.swift */ = {isa = PBXFileReference; lastKnownFileType = sourcecode.swift; path = MainCoordinator.swift; sourceTree = "<group>"; };
		B418075A247541BF008E097A /* LandingViewController.swift */ = {isa = PBXFileReference; lastKnownFileType = sourcecode.swift; path = LandingViewController.swift; sourceTree = "<group>"; };
		B418075C24754B71008E097A /* UIView+extension.swift */ = {isa = PBXFileReference; lastKnownFileType = sourcecode.swift; path = "UIView+extension.swift"; sourceTree = "<group>"; };
		B418075F247555C0008E097A /* CreateCVViewController.swift */ = {isa = PBXFileReference; lastKnownFileType = sourcecode.swift; path = CreateCVViewController.swift; sourceTree = "<group>"; };
		B41807652475606B008E097A /* AppBaseController.swift */ = {isa = PBXFileReference; lastKnownFileType = sourcecode.swift; path = AppBaseController.swift; sourceTree = "<group>"; };
		B4180767247560AE008E097A /* ErrorPresentable.swift */ = {isa = PBXFileReference; lastKnownFileType = sourcecode.swift; path = ErrorPresentable.swift; sourceTree = "<group>"; };
		B41807692475612F008E097A /* SuccessPresentable.swift */ = {isa = PBXFileReference; lastKnownFileType = sourcecode.swift; path = SuccessPresentable.swift; sourceTree = "<group>"; };
		B418076D247587E1008E097A /* PersonalViewController.xib */ = {isa = PBXFileReference; fileEncoding = 4; lastKnownFileType = file.xib; path = PersonalViewController.xib; sourceTree = "<group>"; };
		B418076E247587E1008E097A /* PersonalViewController+ViewFactory.swift */ = {isa = PBXFileReference; fileEncoding = 4; lastKnownFileType = sourcecode.swift; path = "PersonalViewController+ViewFactory.swift"; sourceTree = "<group>"; };
		B418076F247587E1008E097A /* PersonalViewController.swift */ = {isa = PBXFileReference; fileEncoding = 4; lastKnownFileType = sourcecode.swift; path = PersonalViewController.swift; sourceTree = "<group>"; };
		B418077424758828008E097A /* PersonalInfoModel.swift */ = {isa = PBXFileReference; fileEncoding = 4; lastKnownFileType = sourcecode.swift; path = PersonalInfoModel.swift; sourceTree = "<group>"; };
		B418077724758A8A008E097A /* ImagePickerManager.swift */ = {isa = PBXFileReference; lastKnownFileType = sourcecode.swift; path = ImagePickerManager.swift; sourceTree = "<group>"; };
		B418077924758DDC008E097A /* DataHolder.swift */ = {isa = PBXFileReference; lastKnownFileType = sourcecode.swift; path = DataHolder.swift; sourceTree = "<group>"; };
		B418077B24758F1E008E097A /* UIViewFactory.swift */ = {isa = PBXFileReference; fileEncoding = 4; lastKnownFileType = sourcecode.swift; path = UIViewFactory.swift; sourceTree = "<group>"; };
		B418077D24758F86008E097A /* StringExtension.swift */ = {isa = PBXFileReference; fileEncoding = 4; lastKnownFileType = sourcecode.swift; path = StringExtension.swift; sourceTree = "<group>"; };
		B418077F247638D8008E097A /* ServiceHandler.swift */ = {isa = PBXFileReference; lastKnownFileType = sourcecode.swift; path = ServiceHandler.swift; sourceTree = "<group>"; };
		B41807822476452E008E097A /* EndPoints.swift */ = {isa = PBXFileReference; lastKnownFileType = sourcecode.swift; path = EndPoints.swift; sourceTree = "<group>"; };
		B418078424764988008E097A /* PersonalViewModel.swift */ = {isa = PBXFileReference; lastKnownFileType = sourcecode.swift; path = PersonalViewModel.swift; sourceTree = "<group>"; };
		B418078924765B2C008E097A /* LandingConstants.swift */ = {isa = PBXFileReference; lastKnownFileType = sourcecode.swift; path = LandingConstants.swift; sourceTree = "<group>"; };
		B430201F247675CB00F85453 /* PersonalViewTests.swift */ = {isa = PBXFileReference; lastKnownFileType = sourcecode.swift; path = PersonalViewTests.swift; sourceTree = "<group>"; };
		B4AB33C5247689C500951327 /* .swiftlint.yml */ = {isa = PBXFileReference; lastKnownFileType = text.yaml; path = .swiftlint.yml; sourceTree = "<group>"; };
		B4AB33C72476A5C400951327 /* CoordinatorTests.swift */ = {isa = PBXFileReference; lastKnownFileType = sourcecode.swift; path = CoordinatorTests.swift; sourceTree = "<group>"; };
		B4AB340B247D70ED00951327 /* ShowCVViewController.swift */ = {isa = PBXFileReference; lastKnownFileType = sourcecode.swift; path = ShowCVViewController.swift; sourceTree = "<group>"; };
/* End PBXFileReference section */

/* Begin PBXFrameworksBuildPhase section */
		B418071E24753EB8008E097A /* Frameworks */ = {
			isa = PBXFrameworksBuildPhase;
			buildActionMask = 2147483647;
			files = (
			);
			runOnlyForDeploymentPostprocessing = 0;
		};
		B418073424753EBA008E097A /* Frameworks */ = {
			isa = PBXFrameworksBuildPhase;
			buildActionMask = 2147483647;
			files = (
			);
			runOnlyForDeploymentPostprocessing = 0;
		};
		B418073F24753EBA008E097A /* Frameworks */ = {
			isa = PBXFrameworksBuildPhase;
			buildActionMask = 2147483647;
			files = (
			);
			runOnlyForDeploymentPostprocessing = 0;
		};
/* End PBXFrameworksBuildPhase section */

/* Begin PBXGroup section */
		B418071824753EB7008E097A = {
			isa = PBXGroup;
			children = (
				B418072324753EB8008E097A /* CVBuilder */,
				B418073A24753EBA008E097A /* CVBuilderTests */,
				B418074524753EBA008E097A /* CVBuilderUITests */,
				B418072224753EB8008E097A /* Products */,
			);
			sourceTree = "<group>";
		};
		B418072224753EB8008E097A /* Products */ = {
			isa = PBXGroup;
			children = (
				B418072124753EB8008E097A /* CVBuilder.app */,
				B418073724753EBA008E097A /* CVBuilderTests.xctest */,
				B418074224753EBA008E097A /* CVBuilderUITests.xctest */,
			);
			name = Products;
			sourceTree = "<group>";
		};
		B418072324753EB8008E097A /* CVBuilder */ = {
			isa = PBXGroup;
			children = (
				B418072424753EB8008E097A /* AppDelegate.swift */,
				B418072624753EB8008E097A /* SceneDelegate.swift */,
				B4180787247657DB008E097A /* Base */,
				B4180786247657B6008E097A /* Protocols */,
				B418078124764509008E097A /* Service Layer */,
				B418075E247554FB008E097A /* Landing */,
				B4180761247557BB008E097A /* CreateCV */,
				B418077324758803008E097A /* Personal Info */,
				B4AB340A247D709200951327 /* ShowCV */,
				B418077624758A74008E097A /* Utils */,
				B418072D24753EBA008E097A /* Assets.xcassets */,
				B418072F24753EBA008E097A /* LaunchScreen.storyboard */,
				B418073224753EBA008E097A /* Info.plist */,
				B4AB33C5247689C500951327 /* .swiftlint.yml */,
			);
			path = CVBuilder;
			sourceTree = "<group>";
		};
		B418073A24753EBA008E097A /* CVBuilderTests */ = {
			isa = PBXGroup;
			children = (
				B418073B24753EBA008E097A /* CVBuilderTests.swift */,
				B418073D24753EBA008E097A /* Info.plist */,
				B430201F247675CB00F85453 /* PersonalViewTests.swift */,
				B4AB33C72476A5C400951327 /* CoordinatorTests.swift */,
			);
			path = CVBuilderTests;
			sourceTree = "<group>";
		};
		B418074524753EBA008E097A /* CVBuilderUITests */ = {
			isa = PBXGroup;
			children = (
				B418074624753EBA008E097A /* CVBuilderUITests.swift */,
				B418074824753EBA008E097A /* Info.plist */,
			);
			path = CVBuilderUITests;
			sourceTree = "<group>";
		};
		B418075E247554FB008E097A /* Landing */ = {
			isa = PBXGroup;
			children = (
				B418075A247541BF008E097A /* LandingViewController.swift */,
				B418078924765B2C008E097A /* LandingConstants.swift */,
			);
			path = Landing;
			sourceTree = "<group>";
		};
		B4180761247557BB008E097A /* CreateCV */ = {
			isa = PBXGroup;
			children = (
				B418075F247555C0008E097A /* CreateCVViewController.swift */,
				B4148F5B24765F7C00F501AB /* CreateCVConstants.swift */,
			);
			path = CreateCV;
			sourceTree = "<group>";
		};
		B418077324758803008E097A /* Personal Info */ = {
			isa = PBXGroup;
			children = (
				B418076F247587E1008E097A /* PersonalViewController.swift */,
				B418076D247587E1008E097A /* PersonalViewController.xib */,
				B418076E247587E1008E097A /* PersonalViewController+ViewFactory.swift */,
				B418078424764988008E097A /* PersonalViewModel.swift */,
				B418078824765A95008E097A /* Models */,
				B4148F5F2476615E00F501AB /* PersonalViewConstants.swift */,
			);
			path = "Personal Info";
			sourceTree = "<group>";
		};
		B418077624758A74008E097A /* Utils */ = {
			isa = PBXGroup;
			children = (
				B418077724758A8A008E097A /* ImagePickerManager.swift */,
				B418077D24758F86008E097A /* StringExtension.swift */,
				B418077B24758F1E008E097A /* UIViewFactory.swift */,
				B418075C24754B71008E097A /* UIView+extension.swift */,
				B418077924758DDC008E097A /* DataHolder.swift */,
			);
			path = Utils;
			sourceTree = "<group>";
		};
		B418078124764509008E097A /* Service Layer */ = {
			isa = PBXGroup;
			children = (
				B418077F247638D8008E097A /* ServiceHandler.swift */,
				B41807822476452E008E097A /* EndPoints.swift */,
			);
			path = "Service Layer";
			sourceTree = "<group>";
		};
		B4180786247657B6008E097A /* Protocols */ = {
			isa = PBXGroup;
			children = (
				B4180767247560AE008E097A /* ErrorPresentable.swift */,
				B41807692475612F008E097A /* SuccessPresentable.swift */,
				B418075424753F56008E097A /* Coordinator.swift */,
				B418075624753F7F008E097A /* Storyboarded.swift */,
				B4148F5924765E4300F501AB /* Theme.swift */,
			);
			path = Protocols;
			sourceTree = "<group>";
		};
		B4180787247657DB008E097A /* Base */ = {
			isa = PBXGroup;
			children = (
				B41807652475606B008E097A /* AppBaseController.swift */,
				B418075824753FD1008E097A /* MainCoordinator.swift */,
				B4148F5D247660BE00F501AB /* Constants.swift */,
			);
			path = Base;
			sourceTree = "<group>";
		};
		B418078824765A95008E097A /* Models */ = {
			isa = PBXGroup;
			children = (
				B418077424758828008E097A /* PersonalInfoModel.swift */,
			);
			path = Models;
			sourceTree = "<group>";
		};
		B4AB340A247D709200951327 /* ShowCV */ = {
			isa = PBXGroup;
			children = (
				B4AB340B247D70ED00951327 /* ShowCVViewController.swift */,
			);
			path = ShowCV;
			sourceTree = "<group>";
		};
/* End PBXGroup section */

/* Begin PBXNativeTarget section */
		B418072024753EB8008E097A /* CVBuilder */ = {
			isa = PBXNativeTarget;
			buildConfigurationList = B418074B24753EBA008E097A /* Build configuration list for PBXNativeTarget "CVBuilder" */;
			buildPhases = (
				B418071D24753EB8008E097A /* Sources */,
				B418071E24753EB8008E097A /* Frameworks */,
				B418071F24753EB8008E097A /* Resources */,
				B4AB33C42476891C00951327 /* ShellScript */,
			);
			buildRules = (
			);
			dependencies = (
			);
			name = CVBuilder;
			productName = CVBuilder;
			productReference = B418072124753EB8008E097A /* CVBuilder.app */;
			productType = "com.apple.product-type.application";
		};
		B418073624753EBA008E097A /* CVBuilderTests */ = {
			isa = PBXNativeTarget;
			buildConfigurationList = B418074E24753EBA008E097A /* Build configuration list for PBXNativeTarget "CVBuilderTests" */;
			buildPhases = (
				B418073324753EBA008E097A /* Sources */,
				B418073424753EBA008E097A /* Frameworks */,
				B418073524753EBA008E097A /* Resources */,
			);
			buildRules = (
			);
			dependencies = (
				B418073924753EBA008E097A /* PBXTargetDependency */,
			);
			name = CVBuilderTests;
			productName = CVBuilderTests;
			productReference = B418073724753EBA008E097A /* CVBuilderTests.xctest */;
			productType = "com.apple.product-type.bundle.unit-test";
		};
		B418074124753EBA008E097A /* CVBuilderUITests */ = {
			isa = PBXNativeTarget;
			buildConfigurationList = B418075124753EBA008E097A /* Build configuration list for PBXNativeTarget "CVBuilderUITests" */;
			buildPhases = (
				B418073E24753EBA008E097A /* Sources */,
				B418073F24753EBA008E097A /* Frameworks */,
				B418074024753EBA008E097A /* Resources */,
			);
			buildRules = (
			);
			dependencies = (
				B418074424753EBA008E097A /* PBXTargetDependency */,
			);
			name = CVBuilderUITests;
			productName = CVBuilderUITests;
			productReference = B418074224753EBA008E097A /* CVBuilderUITests.xctest */;
			productType = "com.apple.product-type.bundle.ui-testing";
		};
/* End PBXNativeTarget section */

/* Begin PBXProject section */
		B418071924753EB8008E097A /* Project object */ = {
			isa = PBXProject;
			attributes = {
				LastSwiftUpdateCheck = 1130;
				LastUpgradeCheck = 1130;
				ORGANIZATIONNAME = "Ramcharan Reddy Gaddam";
				TargetAttributes = {
					B418072024753EB8008E097A = {
						CreatedOnToolsVersion = 11.3;
					};
					B418073624753EBA008E097A = {
						CreatedOnToolsVersion = 11.3;
						TestTargetID = B418072024753EB8008E097A;
					};
					B418074124753EBA008E097A = {
						CreatedOnToolsVersion = 11.3;
						TestTargetID = B418072024753EB8008E097A;
					};
				};
			};
			buildConfigurationList = B418071C24753EB8008E097A /* Build configuration list for PBXProject "CVBuilder" */;
			compatibilityVersion = "Xcode 9.3";
			developmentRegion = en;
			hasScannedForEncodings = 0;
			knownRegions = (
				en,
				Base,
			);
			mainGroup = B418071824753EB7008E097A;
			productRefGroup = B418072224753EB8008E097A /* Products */;
			projectDirPath = "";
			projectRoot = "";
			targets = (
				B418072024753EB8008E097A /* CVBuilder */,
				B418073624753EBA008E097A /* CVBuilderTests */,
				B418074124753EBA008E097A /* CVBuilderUITests */,
			);
		};
/* End PBXProject section */

/* Begin PBXResourcesBuildPhase section */
		B418071F24753EB8008E097A /* Resources */ = {
			isa = PBXResourcesBuildPhase;
			buildActionMask = 2147483647;
			files = (
				B4AB33C6247689C500951327 /* .swiftlint.yml in Resources */,
				B418073124753EBA008E097A /* LaunchScreen.storyboard in Resources */,
				B4180770247587E2008E097A /* PersonalViewController.xib in Resources */,
				B418072E24753EBA008E097A /* Assets.xcassets in Resources */,
			);
			runOnlyForDeploymentPostprocessing = 0;
		};
		B418073524753EBA008E097A /* Resources */ = {
			isa = PBXResourcesBuildPhase;
			buildActionMask = 2147483647;
			files = (
			);
			runOnlyForDeploymentPostprocessing = 0;
		};
		B418074024753EBA008E097A /* Resources */ = {
			isa = PBXResourcesBuildPhase;
			buildActionMask = 2147483647;
			files = (
			);
			runOnlyForDeploymentPostprocessing = 0;
		};
/* End PBXResourcesBuildPhase section */

/* Begin PBXShellScriptBuildPhase section */
		B4AB33C42476891C00951327 /* ShellScript */ = {
			isa = PBXShellScriptBuildPhase;
			buildActionMask = 2147483647;
			files = (
			);
			inputFileListPaths = (
			);
			inputPaths = (
			);
			outputFileListPaths = (
			);
			outputPaths = (
			);
			runOnlyForDeploymentPostprocessing = 0;
			shellPath = /bin/sh;
			shellScript = "# Type a script or drag a script file from your workspace to insert its path.\nif which swiftlint >/dev/null; then\n  swiftlint\nelse\n  echo \"warning: SwiftLint not installed, download from https://github.com/realm/SwiftLint\"\nfi\n";
		};
/* End PBXShellScriptBuildPhase section */

/* Begin PBXSourcesBuildPhase section */
		B418071D24753EB8008E097A /* Sources */ = {
			isa = PBXSourcesBuildPhase;
			buildActionMask = 2147483647;
			files = (
				B4148F5E247660BE00F501AB /* Constants.swift in Sources */,
				B418078524764988008E097A /* PersonalViewModel.swift in Sources */,
				B4148F602476615E00F501AB /* PersonalViewConstants.swift in Sources */,
				B418075524753F56008E097A /* Coordinator.swift in Sources */,
				B418075B247541BF008E097A /* LandingViewController.swift in Sources */,
				B418077524758828008E097A /* PersonalInfoModel.swift in Sources */,
				B4148F5C24765F7C00F501AB /* CreateCVConstants.swift in Sources */,
				B4AB340C247D70ED00951327 /* ShowCVViewController.swift in Sources */,
				B418075924753FD1008E097A /* MainCoordinator.swift in Sources */,
				B4180771247587E2008E097A /* PersonalViewController+ViewFactory.swift in Sources */,
				B4180760247555C0008E097A /* CreateCVViewController.swift in Sources */,
				B41807832476452E008E097A /* EndPoints.swift in Sources */,
				B4148F5A24765E4300F501AB /* Theme.swift in Sources */,
				B4180772247587E2008E097A /* PersonalViewController.swift in Sources */,
				B418077A24758DDC008E097A /* DataHolder.swift in Sources */,
				B418075D24754B71008E097A /* UIView+extension.swift in Sources */,
				B41807662475606B008E097A /* AppBaseController.swift in Sources */,
				B418075724753F7F008E097A /* Storyboarded.swift in Sources */,
				B418077C24758F1E008E097A /* UIViewFactory.swift in Sources */,
				B418072524753EB8008E097A /* AppDelegate.swift in Sources */,
				B418077824758A8A008E097A /* ImagePickerManager.swift in Sources */,
				B418077E24758F86008E097A /* StringExtension.swift in Sources */,
				B418078A24765B2C008E097A /* LandingConstants.swift in Sources */,
				B4180768247560AE008E097A /* ErrorPresentable.swift in Sources */,
				B418076A2475612F008E097A /* SuccessPresentable.swift in Sources */,
				B4180780247638D8008E097A /* ServiceHandler.swift in Sources */,
				B418072724753EB8008E097A /* SceneDelegate.swift in Sources */,
			);
			runOnlyForDeploymentPostprocessing = 0;
		};
		B418073324753EBA008E097A /* Sources */ = {
			isa = PBXSourcesBuildPhase;
			buildActionMask = 2147483647;
			files = (
				B4302020247675CB00F85453 /* PersonalViewTests.swift in Sources */,
				B418073C24753EBA008E097A /* CVBuilderTests.swift in Sources */,
				B4AB33C82476A5C400951327 /* CoordinatorTests.swift in Sources */,
			);
			runOnlyForDeploymentPostprocessing = 0;
		};
		B418073E24753EBA008E097A /* Sources */ = {
			isa = PBXSourcesBuildPhase;
			buildActionMask = 2147483647;
			files = (
				B418074724753EBA008E097A /* CVBuilderUITests.swift in Sources */,
			);
			runOnlyForDeploymentPostprocessing = 0;
		};
/* End PBXSourcesBuildPhase section */

/* Begin PBXTargetDependency section */
		B418073924753EBA008E097A /* PBXTargetDependency */ = {
			isa = PBXTargetDependency;
			target = B418072024753EB8008E097A /* CVBuilder */;
			targetProxy = B418073824753EBA008E097A /* PBXContainerItemProxy */;
		};
		B418074424753EBA008E097A /* PBXTargetDependency */ = {
			isa = PBXTargetDependency;
			target = B418072024753EB8008E097A /* CVBuilder */;
			targetProxy = B418074324753EBA008E097A /* PBXContainerItemProxy */;
		};
/* End PBXTargetDependency section */

/* Begin PBXVariantGroup section */
		B418072F24753EBA008E097A /* LaunchScreen.storyboard */ = {
			isa = PBXVariantGroup;
			children = (
				B418073024753EBA008E097A /* Base */,
			);
			name = LaunchScreen.storyboard;
			sourceTree = "<group>";
		};
/* End PBXVariantGroup section */

/* Begin XCBuildConfiguration section */
		B418074924753EBA008E097A /* Debug */ = {
			isa = XCBuildConfiguration;
			buildSettings = {
				ALWAYS_SEARCH_USER_PATHS = NO;
				CLANG_ANALYZER_NONNULL = YES;
				CLANG_ANALYZER_NUMBER_OBJECT_CONVERSION = YES_AGGRESSIVE;
				CLANG_CXX_LANGUAGE_STANDARD = "gnu++14";
				CLANG_CXX_LIBRARY = "libc++";
				CLANG_ENABLE_MODULES = YES;
				CLANG_ENABLE_OBJC_ARC = YES;
				CLANG_ENABLE_OBJC_WEAK = YES;
				CLANG_WARN_BLOCK_CAPTURE_AUTORELEASING = YES;
				CLANG_WARN_BOOL_CONVERSION = YES;
				CLANG_WARN_COMMA = YES;
				CLANG_WARN_CONSTANT_CONVERSION = YES;
				CLANG_WARN_DEPRECATED_OBJC_IMPLEMENTATIONS = YES;
				CLANG_WARN_DIRECT_OBJC_ISA_USAGE = YES_ERROR;
				CLANG_WARN_DOCUMENTATION_COMMENTS = YES;
				CLANG_WARN_EMPTY_BODY = YES;
				CLANG_WARN_ENUM_CONVERSION = YES;
				CLANG_WARN_INFINITE_RECURSION = YES;
				CLANG_WARN_INT_CONVERSION = YES;
				CLANG_WARN_NON_LITERAL_NULL_CONVERSION = YES;
				CLANG_WARN_OBJC_IMPLICIT_RETAIN_SELF = YES;
				CLANG_WARN_OBJC_LITERAL_CONVERSION = YES;
				CLANG_WARN_OBJC_ROOT_CLASS = YES_ERROR;
				CLANG_WARN_RANGE_LOOP_ANALYSIS = YES;
				CLANG_WARN_STRICT_PROTOTYPES = YES;
				CLANG_WARN_SUSPICIOUS_MOVE = YES;
				CLANG_WARN_UNGUARDED_AVAILABILITY = YES_AGGRESSIVE;
				CLANG_WARN_UNREACHABLE_CODE = YES;
				CLANG_WARN__DUPLICATE_METHOD_MATCH = YES;
				COPY_PHASE_STRIP = NO;
				DEBUG_INFORMATION_FORMAT = dwarf;
				ENABLE_STRICT_OBJC_MSGSEND = YES;
				ENABLE_TESTABILITY = YES;
				GCC_C_LANGUAGE_STANDARD = gnu11;
				GCC_DYNAMIC_NO_PIC = NO;
				GCC_NO_COMMON_BLOCKS = YES;
				GCC_OPTIMIZATION_LEVEL = 0;
				GCC_PREPROCESSOR_DEFINITIONS = (
					"DEBUG=1",
					"$(inherited)",
				);
				GCC_WARN_64_TO_32_BIT_CONVERSION = YES;
				GCC_WARN_ABOUT_RETURN_TYPE = YES_ERROR;
				GCC_WARN_UNDECLARED_SELECTOR = YES;
				GCC_WARN_UNINITIALIZED_AUTOS = YES_AGGRESSIVE;
				GCC_WARN_UNUSED_FUNCTION = YES;
				GCC_WARN_UNUSED_VARIABLE = YES;
				IPHONEOS_DEPLOYMENT_TARGET = 13.2;
				MTL_ENABLE_DEBUG_INFO = INCLUDE_SOURCE;
				MTL_FAST_MATH = YES;
				ONLY_ACTIVE_ARCH = YES;
				SDKROOT = iphoneos;
				SWIFT_ACTIVE_COMPILATION_CONDITIONS = DEBUG;
				SWIFT_OPTIMIZATION_LEVEL = "-Onone";
			};
			name = Debug;
		};
		B418074A24753EBA008E097A /* Release */ = {
			isa = XCBuildConfiguration;
			buildSettings = {
				ALWAYS_SEARCH_USER_PATHS = NO;
				CLANG_ANALYZER_NONNULL = YES;
				CLANG_ANALYZER_NUMBER_OBJECT_CONVERSION = YES_AGGRESSIVE;
				CLANG_CXX_LANGUAGE_STANDARD = "gnu++14";
				CLANG_CXX_LIBRARY = "libc++";
				CLANG_ENABLE_MODULES = YES;
				CLANG_ENABLE_OBJC_ARC = YES;
				CLANG_ENABLE_OBJC_WEAK = YES;
				CLANG_WARN_BLOCK_CAPTURE_AUTORELEASING = YES;
				CLANG_WARN_BOOL_CONVERSION = YES;
				CLANG_WARN_COMMA = YES;
				CLANG_WARN_CONSTANT_CONVERSION = YES;
				CLANG_WARN_DEPRECATED_OBJC_IMPLEMENTATIONS = YES;
				CLANG_WARN_DIRECT_OBJC_ISA_USAGE = YES_ERROR;
				CLANG_WARN_DOCUMENTATION_COMMENTS = YES;
				CLANG_WARN_EMPTY_BODY = YES;
				CLANG_WARN_ENUM_CONVERSION = YES;
				CLANG_WARN_INFINITE_RECURSION = YES;
				CLANG_WARN_INT_CONVERSION = YES;
				CLANG_WARN_NON_LITERAL_NULL_CONVERSION = YES;
				CLANG_WARN_OBJC_IMPLICIT_RETAIN_SELF = YES;
				CLANG_WARN_OBJC_LITERAL_CONVERSION = YES;
				CLANG_WARN_OBJC_ROOT_CLASS = YES_ERROR;
				CLANG_WARN_RANGE_LOOP_ANALYSIS = YES;
				CLANG_WARN_STRICT_PROTOTYPES = YES;
				CLANG_WARN_SUSPICIOUS_MOVE = YES;
				CLANG_WARN_UNGUARDED_AVAILABILITY = YES_AGGRESSIVE;
				CLANG_WARN_UNREACHABLE_CODE = YES;
				CLANG_WARN__DUPLICATE_METHOD_MATCH = YES;
				COPY_PHASE_STRIP = NO;
				DEBUG_INFORMATION_FORMAT = "dwarf-with-dsym";
				ENABLE_NS_ASSERTIONS = NO;
				ENABLE_STRICT_OBJC_MSGSEND = YES;
				GCC_C_LANGUAGE_STANDARD = gnu11;
				GCC_NO_COMMON_BLOCKS = YES;
				GCC_WARN_64_TO_32_BIT_CONVERSION = YES;
				GCC_WARN_ABOUT_RETURN_TYPE = YES_ERROR;
				GCC_WARN_UNDECLARED_SELECTOR = YES;
				GCC_WARN_UNINITIALIZED_AUTOS = YES_AGGRESSIVE;
				GCC_WARN_UNUSED_FUNCTION = YES;
				GCC_WARN_UNUSED_VARIABLE = YES;
				IPHONEOS_DEPLOYMENT_TARGET = 13.2;
				MTL_ENABLE_DEBUG_INFO = NO;
				MTL_FAST_MATH = YES;
				SDKROOT = iphoneos;
				SWIFT_COMPILATION_MODE = wholemodule;
				SWIFT_OPTIMIZATION_LEVEL = "-O";
				VALIDATE_PRODUCT = YES;
			};
			name = Release;
		};
		B418074C24753EBA008E097A /* Debug */ = {
			isa = XCBuildConfiguration;
			buildSettings = {
				ASSETCATALOG_COMPILER_APPICON_NAME = AppIcon;
				CODE_SIGN_STYLE = Automatic;
				INFOPLIST_FILE = CVBuilder/Info.plist;
				LD_RUNPATH_SEARCH_PATHS = (
					"$(inherited)",
					"@executable_path/Frameworks",
				);
				PRODUCT_BUNDLE_IDENTIFIER = com.ram.CVBuilder;
				PRODUCT_NAME = "$(TARGET_NAME)";
				SWIFT_VERSION = 5.0;
				TARGETED_DEVICE_FAMILY = "1,2";
			};
			name = Debug;
		};
		B418074D24753EBA008E097A /* Release */ = {
			isa = XCBuildConfiguration;
			buildSettings = {
				ASSETCATALOG_COMPILER_APPICON_NAME = AppIcon;
				CODE_SIGN_STYLE = Automatic;
				INFOPLIST_FILE = CVBuilder/Info.plist;
				LD_RUNPATH_SEARCH_PATHS = (
					"$(inherited)",
					"@executable_path/Frameworks",
				);
				PRODUCT_BUNDLE_IDENTIFIER = com.ram.CVBuilder;
				PRODUCT_NAME = "$(TARGET_NAME)";
				SWIFT_VERSION = 5.0;
				TARGETED_DEVICE_FAMILY = "1,2";
			};
			name = Release;
		};
		B418074F24753EBA008E097A /* Debug */ = {
			isa = XCBuildConfiguration;
			buildSettings = {
				ALWAYS_EMBED_SWIFT_STANDARD_LIBRARIES = YES;
				BUNDLE_LOADER = "$(TEST_HOST)";
				CODE_SIGN_STYLE = Automatic;
				INFOPLIST_FILE = CVBuilderTests/Info.plist;
				IPHONEOS_DEPLOYMENT_TARGET = 13.2;
				LD_RUNPATH_SEARCH_PATHS = (
					"$(inherited)",
					"@executable_path/Frameworks",
					"@loader_path/Frameworks",
				);
				PRODUCT_BUNDLE_IDENTIFIER = com.ram.CVBuilderTests;
				PRODUCT_NAME = "$(TARGET_NAME)";
				SWIFT_VERSION = 5.0;
				TARGETED_DEVICE_FAMILY = "1,2";
				TEST_HOST = "$(BUILT_PRODUCTS_DIR)/CVBuilder.app/CVBuilder";
			};
			name = Debug;
		};
		B418075024753EBA008E097A /* Release */ = {
			isa = XCBuildConfiguration;
			buildSettings = {
				ALWAYS_EMBED_SWIFT_STANDARD_LIBRARIES = YES;
				BUNDLE_LOADER = "$(TEST_HOST)";
				CODE_SIGN_STYLE = Automatic;
				INFOPLIST_FILE = CVBuilderTests/Info.plist;
				IPHONEOS_DEPLOYMENT_TARGET = 13.2;
				LD_RUNPATH_SEARCH_PATHS = (
					"$(inherited)",
					"@executable_path/Frameworks",
					"@loader_path/Frameworks",
				);
				PRODUCT_BUNDLE_IDENTIFIER = com.ram.CVBuilderTests;
				PRODUCT_NAME = "$(TARGET_NAME)";
				SWIFT_VERSION = 5.0;
				TARGETED_DEVICE_FAMILY = "1,2";
				TEST_HOST = "$(BUILT_PRODUCTS_DIR)/CVBuilder.app/CVBuilder";
			};
			name = Release;
		};
		B418075224753EBA008E097A /* Debug */ = {
			isa = XCBuildConfiguration;
			buildSettings = {
				ALWAYS_EMBED_SWIFT_STANDARD_LIBRARIES = YES;
				CODE_SIGN_STYLE = Automatic;
				INFOPLIST_FILE = CVBuilderUITests/Info.plist;
				LD_RUNPATH_SEARCH_PATHS = (
					"$(inherited)",
					"@executable_path/Frameworks",
					"@loader_path/Frameworks",
				);
				PRODUCT_BUNDLE_IDENTIFIER = com.ram.CVBuilderUITests;
				PRODUCT_NAME = "$(TARGET_NAME)";
				SWIFT_VERSION = 5.0;
				TARGETED_DEVICE_FAMILY = "1,2";
				TEST_TARGET_NAME = CVBuilder;
			};
			name = Debug;
		};
		B418075324753EBA008E097A /* Release */ = {
			isa = XCBuildConfiguration;
			buildSettings = {
				ALWAYS_EMBED_SWIFT_STANDARD_LIBRARIES = YES;
				CODE_SIGN_STYLE = Automatic;
				INFOPLIST_FILE = CVBuilderUITests/Info.plist;
				LD_RUNPATH_SEARCH_PATHS = (
					"$(inherited)",
					"@executable_path/Frameworks",
					"@loader_path/Frameworks",
				);
				PRODUCT_BUNDLE_IDENTIFIER = com.ram.CVBuilderUITests;
				PRODUCT_NAME = "$(TARGET_NAME)";
				SWIFT_VERSION = 5.0;
				TARGETED_DEVICE_FAMILY = "1,2";
				TEST_TARGET_NAME = CVBuilder;
			};
			name = Release;
		};
/* End XCBuildConfiguration section */

/* Begin XCConfigurationList section */
		B418071C24753EB8008E097A /* Build configuration list for PBXProject "CVBuilder" */ = {
			isa = XCConfigurationList;
			buildConfigurations = (
				B418074924753EBA008E097A /* Debug */,
				B418074A24753EBA008E097A /* Release */,
			);
			defaultConfigurationIsVisible = 0;
			defaultConfigurationName = Release;
		};
		B418074B24753EBA008E097A /* Build configuration list for PBXNativeTarget "CVBuilder" */ = {
			isa = XCConfigurationList;
			buildConfigurations = (
				B418074C24753EBA008E097A /* Debug */,
				B418074D24753EBA008E097A /* Release */,
			);
			defaultConfigurationIsVisible = 0;
			defaultConfigurationName = Release;
		};
		B418074E24753EBA008E097A /* Build configuration list for PBXNativeTarget "CVBuilderTests" */ = {
			isa = XCConfigurationList;
			buildConfigurations = (
				B418074F24753EBA008E097A /* Debug */,
				B418075024753EBA008E097A /* Release */,
			);
			defaultConfigurationIsVisible = 0;
			defaultConfigurationName = Release;
		};
		B418075124753EBA008E097A /* Build configuration list for PBXNativeTarget "CVBuilderUITests" */ = {
			isa = XCConfigurationList;
			buildConfigurations = (
				B418075224753EBA008E097A /* Debug */,
				B418075324753EBA008E097A /* Release */,
			);
			defaultConfigurationIsVisible = 0;
			defaultConfigurationName = Release;
		};
/* End XCConfigurationList section */
	};
	rootObject = B418071924753EB8008E097A /* Project object */;
}
